
Microsoft Visual Studio Solution File, Format Version 12.00
# Visual Studio Version 17
VisualStudioVersion = 17.13.35913.81 d17.13
MinimumVisualStudioVersion = 10.0.40219.1
Project("{2150E333-8FDC-42A3-9474-1A3956D46DE8}") = "src", "src", "{02EA681E-C7D8-13C7-8484-4AC65E1B71E8}"
EndProject
Project("{2150E333-8FDC-42A3-9474-1A3956D46DE8}") = "UI", "UI", "{F9CEF9DA-90D2-4290-9A33-DE02AC1C8350}"
EndProject
Project("{FAE04EC0-301F-11D3-BF4B-00C04F79EFBC}") = "Aviv.Base.UI", "Aviv.Base.UI\Aviv.Base.UI.csproj", "{7A92DC2E-2424-42CC-99DB-2128371DF239}"
EndProject
Global
	GlobalSection(SolutionConfigurationPlatforms) = preSolution
		Debug|Any CPU = Debug|Any CPU
		Release|Any CPU = Release|Any CPU
	EndGlobalSection
	GlobalSection(ProjectConfigurationPlatforms) = postSolution
		{7A92DC2E-2424-42CC-99DB-2128371DF239}.Debug|Any CPU.ActiveCfg = Debug|Any CPU
		{7A92DC2E-2424-42CC-99DB-2128371DF239}.Debug|Any CPU.Build.0 = Debug|Any CPU
		{7A92DC2E-2424-42CC-99DB-2128371DF239}.Release|Any CPU.ActiveCfg = Release|Any CPU
		{7A92DC2E-2424-42CC-99DB-2128371DF239}.Release|Any CPU.Build.0 = Release|Any CPU
	EndGlobalSection
	GlobalSection(SolutionProperties) = preSolution
		HideSolutionNode = FALSE
	EndGlobalSection
	GlobalSection(NestedProjects) = preSolution
		{F9CEF9DA-90D2-4290-9A33-DE02AC1C8350} = {02EA681E-C7D8-13C7-8484-4AC65E1B71E8}
		{7A92DC2E-2424-42CC-99DB-2128371DF239} = {F9CEF9DA-90D2-4290-9A33-DE02AC1C8350}
	EndGlobalSection
	GlobalSection(ExtensibilityGlobals) = postSolution
		SolutionGuid = {0F0DB074-E882-4BA2-8EFB-2E2C81F5FABF}
	EndGlobalSection
EndGlobal
